
Microsoft Visual Studio Solution File, Format Version 12.00
# Visual Studio Version 17
VisualStudioVersion = 17.11.35327.3
MinimumVisualStudioVersion = 10.0.40219.1
Project("{9A19103F-16F7-4668-BE54-9A1E7A4F7556}") = "fantasy.backend", "fantasy.backend\fantasy.backend.csproj", "{0378F69B-9254-47EB-AB46-37B49BA97F03}"
EndProject
Project("{9A19103F-16F7-4668-BE54-9A1E7A4F7556}") = "fantasy.frontend", "fantasy.frontend\fantasy.frontend.csproj", "{D00E73A4-5759-4157-8FE3-49DA751514E6}"
EndProject
Project("{FAE04EC0-301F-11D3-BF4B-00C04F79EFBC}") = "fantasy.shared", "fantasy.shared\fantasy.shared.csproj", "{D138ADFE-FECB-45BE-B680-6F658FCBBD0F}"
EndProject
Project("{FAE04EC0-301F-11D3-BF4B-00C04F79EFBC}") = "fantasy.tests", "fantasy.tests\fantasy.tests.csproj", "{ABC9164C-C5EE-40D2-A251-5B14DF111CF5}"
EndProject
Global
	GlobalSection(SolutionConfigurationPlatforms) = preSolution
		Debug|Any CPU = Debug|Any CPU
		Release|Any CPU = Release|Any CPU
	EndGlobalSection
	GlobalSection(ProjectConfigurationPlatforms) = postSolution
		{0378F69B-9254-47EB-AB46-37B49BA97F03}.Debug|Any CPU.ActiveCfg = Debug|Any CPU
		{0378F69B-9254-47EB-AB46-37B49BA97F03}.Debug|Any CPU.Build.0 = Debug|Any CPU
		{0378F69B-9254-47EB-AB46-37B49BA97F03}.Release|Any CPU.ActiveCfg = Release|Any CPU
		{0378F69B-9254-47EB-AB46-37B49BA97F03}.Release|Any CPU.Build.0 = Release|Any CPU
		{D00E73A4-5759-4157-8FE3-49DA751514E6}.Debug|Any CPU.ActiveCfg = Debug|Any CPU
		{D00E73A4-5759-4157-8FE3-49DA751514E6}.Debug|Any CPU.Build.0 = Debug|Any CPU
		{D00E73A4-5759-4157-8FE3-49DA751514E6}.Release|Any CPU.ActiveCfg = Release|Any CPU
		{D00E73A4-5759-4157-8FE3-49DA751514E6}.Release|Any CPU.Build.0 = Release|Any CPU
		{D138ADFE-FECB-45BE-B680-6F658FCBBD0F}.Debug|Any CPU.ActiveCfg = Debug|Any CPU
		{D138ADFE-FECB-45BE-B680-6F658FCBBD0F}.Debug|Any CPU.Build.0 = Debug|Any CPU
		{D138ADFE-FECB-45BE-B680-6F658FCBBD0F}.Release|Any CPU.ActiveCfg = Release|Any CPU
		{D138ADFE-FECB-45BE-B680-6F658FCBBD0F}.Release|Any CPU.Build.0 = Release|Any CPU
		{ABC9164C-C5EE-40D2-A251-5B14DF111CF5}.Debug|Any CPU.ActiveCfg = Debug|Any CPU
		{ABC9164C-C5EE-40D2-A251-5B14DF111CF5}.Debug|Any CPU.Build.0 = Debug|Any CPU
		{ABC9164C-C5EE-40D2-A251-5B14DF111CF5}.Release|Any CPU.ActiveCfg = Release|Any CPU
		{ABC9164C-C5EE-40D2-A251-5B14DF111CF5}.Release|Any CPU.Build.0 = Release|Any CPU
	EndGlobalSection
	GlobalSection(SolutionProperties) = preSolution
		HideSolutionNode = FALSE
	EndGlobalSection
	GlobalSection(ExtensibilityGlobals) = postSolution
		SolutionGuid = {D698C55C-EE94-4319-9106-965A928BE149}
	EndGlobalSection
EndGlobal
